
Microsoft Visual Studio Solution File, Format Version 12.00
# Visual Studio Version 16
VisualStudioVersion = 16.0.30523.141
MinimumVisualStudioVersion = 10.0.40219.1
Project("{FAE04EC0-301F-11D3-BF4B-00C04F79EFBC}") = "EPMImageCreator", "EPMImageCreator\EPMImageCreator.csproj", "{14269BC6-2562-47F7-9EC8-8BFC95E76C8B}"
EndProject
Global
	GlobalSection(SolutionConfigurationPlatforms) = preSolution
		Debug|Any CPU = Debug|Any CPU
		Release|Any CPU = Release|Any CPU
	EndGlobalSection
	GlobalSection(ProjectConfigurationPlatforms) = postSolution
		{14269BC6-2562-47F7-9EC8-8BFC95E76C8B}.Debug|Any CPU.ActiveCfg = Debug|Any CPU
		{14269BC6-2562-47F7-9EC8-8BFC95E76C8B}.Debug|Any CPU.Build.0 = Debug|Any CPU
		{14269BC6-2562-47F7-9EC8-8BFC95E76C8B}.Release|Any CPU.ActiveCfg = Release|Any CPU
		{14269BC6-2562-47F7-9EC8-8BFC95E76C8B}.Release|Any CPU.Build.0 = Release|Any CPU
	EndGlobalSection
	GlobalSection(SolutionProperties) = preSolution
		HideSolutionNode = FALSE
	EndGlobalSection
	GlobalSection(ExtensibilityGlobals) = postSolution
		SolutionGuid = {F175822B-8366-4A1D-8893-C96203E859A6}
	EndGlobalSection
EndGlobal
